
Microsoft Visual Studio Solution File, Format Version 12.00
# Visual Studio Version 17
VisualStudioVersion = 17.13.35825.156 d17.13
MinimumVisualStudioVersion = 10.0.40219.1
Project("{FAE04EC0-301F-11D3-BF4B-00C04F79EFBC}") = "CLASS_MANAGER", "CLASS_MANAGER\CLASS_MANAGER.csproj", "{6F3AD75D-BBFB-417F-A7D9-153A6F78C6CD}"
EndProject
Global
	GlobalSection(SolutionConfigurationPlatforms) = preSolution
		Debug|Any CPU = Debug|Any CPU
		Release|Any CPU = Release|Any CPU
	EndGlobalSection
	GlobalSection(ProjectConfigurationPlatforms) = postSolution
		{6F3AD75D-BBFB-417F-A7D9-153A6F78C6CD}.Debug|Any CPU.ActiveCfg = Debug|Any CPU
		{6F3AD75D-BBFB-417F-A7D9-153A6F78C6CD}.Debug|Any CPU.Build.0 = Debug|Any CPU
		{6F3AD75D-BBFB-417F-A7D9-153A6F78C6CD}.Release|Any CPU.ActiveCfg = Release|Any CPU
		{6F3AD75D-BBFB-417F-A7D9-153A6F78C6CD}.Release|Any CPU.Build.0 = Release|Any CPU
	EndGlobalSection
	GlobalSection(SolutionProperties) = preSolution
		HideSolutionNode = FALSE
	EndGlobalSection
	GlobalSection(ExtensibilityGlobals) = postSolution
		SolutionGuid = {C29A09DE-DB28-47A2-92D1-EF1CB8EA5E3A}
	EndGlobalSection
EndGlobal
